
Microsoft Visual Studio Solution File, Format Version 12.00
# Visual Studio 15
VisualStudioVersion = 15.0.27428.2015
MinimumVisualStudioVersion = 10.0.40219.1
Project("{FAE04EC0-301F-11D3-BF4B-00C04F79EFBC}") = "PresentationLayer", "LibraryApp\PresentationLayer.csproj", "{2784FB7E-BE22-4637-A81F-604799C401A4}"
EndProject
Project("{FAE04EC0-301F-11D3-BF4B-00C04F79EFBC}") = "LogicLayer", "LogicLayer\LogicLayer.csproj", "{BAB60A68-988E-4285-9F6E-13892C807A61}"
EndProject
Project("{FAE04EC0-301F-11D3-BF4B-00C04F79EFBC}") = "DataAccessLayer", "DataAccessLayer\DataAccessLayer.csproj", "{53B0FE37-639B-4BAE-B3EA-BCA88C364E3C}"
EndProject
Project("{FAE04EC0-301F-11D3-BF4B-00C04F79EFBC}") = "DataObjects", "DataObjects\DataObjects.csproj", "{9C7ADF13-B8EC-43F5-9D23-C1D16F88EB16}"
EndProject
Project("{FAE04EC0-301F-11D3-BF4B-00C04F79EFBC}") = "WebPresentation", "WebPresentation\WebPresentation.csproj", "{A5B9288E-BD37-4341-A4B2-5386CB02DA74}"
EndProject
Global
	GlobalSection(SolutionConfigurationPlatforms) = preSolution
		Debug|Any CPU = Debug|Any CPU
		Release|Any CPU = Release|Any CPU
	EndGlobalSection
	GlobalSection(ProjectConfigurationPlatforms) = postSolution
		{2784FB7E-BE22-4637-A81F-604799C401A4}.Debug|Any CPU.ActiveCfg = Debug|Any CPU
		{2784FB7E-BE22-4637-A81F-604799C401A4}.Debug|Any CPU.Build.0 = Debug|Any CPU
		{2784FB7E-BE22-4637-A81F-604799C401A4}.Release|Any CPU.ActiveCfg = Release|Any CPU
		{2784FB7E-BE22-4637-A81F-604799C401A4}.Release|Any CPU.Build.0 = Release|Any CPU
		{BAB60A68-988E-4285-9F6E-13892C807A61}.Debug|Any CPU.ActiveCfg = Debug|Any CPU
		{BAB60A68-988E-4285-9F6E-13892C807A61}.Debug|Any CPU.Build.0 = Debug|Any CPU
		{BAB60A68-988E-4285-9F6E-13892C807A61}.Release|Any CPU.ActiveCfg = Release|Any CPU
		{BAB60A68-988E-4285-9F6E-13892C807A61}.Release|Any CPU.Build.0 = Release|Any CPU
		{53B0FE37-639B-4BAE-B3EA-BCA88C364E3C}.Debug|Any CPU.ActiveCfg = Debug|Any CPU
		{53B0FE37-639B-4BAE-B3EA-BCA88C364E3C}.Debug|Any CPU.Build.0 = Debug|Any CPU
		{53B0FE37-639B-4BAE-B3EA-BCA88C364E3C}.Release|Any CPU.ActiveCfg = Release|Any CPU
		{53B0FE37-639B-4BAE-B3EA-BCA88C364E3C}.Release|Any CPU.Build.0 = Release|Any CPU
		{9C7ADF13-B8EC-43F5-9D23-C1D16F88EB16}.Debug|Any CPU.ActiveCfg = Debug|Any CPU
		{9C7ADF13-B8EC-43F5-9D23-C1D16F88EB16}.Debug|Any CPU.Build.0 = Debug|Any CPU
		{9C7ADF13-B8EC-43F5-9D23-C1D16F88EB16}.Release|Any CPU.ActiveCfg = Release|Any CPU
		{9C7ADF13-B8EC-43F5-9D23-C1D16F88EB16}.Release|Any CPU.Build.0 = Release|Any CPU
		{A5B9288E-BD37-4341-A4B2-5386CB02DA74}.Debug|Any CPU.ActiveCfg = Debug|Any CPU
		{A5B9288E-BD37-4341-A4B2-5386CB02DA74}.Debug|Any CPU.Build.0 = Debug|Any CPU
		{A5B9288E-BD37-4341-A4B2-5386CB02DA74}.Release|Any CPU.ActiveCfg = Release|Any CPU
		{A5B9288E-BD37-4341-A4B2-5386CB02DA74}.Release|Any CPU.Build.0 = Release|Any CPU
	EndGlobalSection
	GlobalSection(SolutionProperties) = preSolution
		HideSolutionNode = FALSE
	EndGlobalSection
	GlobalSection(ExtensibilityGlobals) = postSolution
		SolutionGuid = {54E6E271-7AC3-4C84-8F0B-CFF3A304DC96}
	EndGlobalSection
EndGlobal
